{
  "version": 4,
  "terraform_version": "1.5.7",
  "serial": 140,
  "lineage": "9ba2dcf4-892c-2576-e662-59308b86d01b",
  "outputs": {},
  "resources": [
    {
      "mode": "data",
      "type": "digitalocean_ssh_key",
      "name": "terraform",
      "provider": "provider[\"registry.terraform.io/digitalocean/digitalocean\"]",
      "instances": [
        {
          "schema_version": 0,
          "attributes": {
            "fingerprint": "74:99:80:7b:c2:cb:b1:77:ed:20:95:4f:97:d6:8c:73",
            "id": 41533109,
            "name": "michael@bnx.local",
            "public_key": "ssh-rsa AAAAB3NzaC1yc2EAAAADAQABAAABgQDJPSjB4MzmUFHNjgziw2pcnfwLFX8vWu5YdzTri8eKRQmx6TmdYIejb29ljoXEJdk/qW3AMX2FKVDTLr3bK+h2Kc59bkZWagtTsWWZxmOBibLdCM4fJreVavyIGOT5v3pR0gH3S9GMwbo4nBYUdXoYj9iYwKxQjkG2eS4lYAdoQNhKRUJGnJtYW2jiDSNqnZWfX2yx0OU0QRneCqqz6c5YjAaq2prgVLl8NnCsBjEkKkNXVZONVmFQMlPFkhg9F4Q/ZuSkpiexETCqrmS7Fr0wIUUnqvA8K4/ItHsjdca61fbJMHvWcgtqQxyaWflmctLNRtEmGSS/TUAmuLuL9vChp2p+/NJ6eePy3QiUGKTp5GFabgfvmswJYivC9mFLyGjJ/s5+Xe9N85JO+BcU2kRY8uRvFdP5KIdT84fqTsG89hS5HiluhO/W3Gt3oqihk2RIi6vzy05jE8CZvnFG9BuKqswrq1QBENIjxrLHwgj9elR+InK+RlCU8WiZSPNNvCE= michael@bnx.local"
          },
          "sensitive_attributes": []
        }
      ]
    },
    {
      "mode": "managed",
      "type": "digitalocean_droplet",
      "name": "k3s-node-01",
      "provider": "provider[\"registry.terraform.io/digitalocean/digitalocean\"]",
      "instances": [
        {
          "schema_version": 1,
          "attributes": {
            "backup_policy": [],
            "backups": false,
            "created_at": "2024-12-31T11:34:33Z",
            "disk": 50,
            "droplet_agent": null,
            "graceful_shutdown": false,
            "id": "466935589",
            "image": "rockylinux-9-x64",
            "ipv4_address": "165.227.160.117",
            "ipv4_address_private": "10.114.0.4",
            "ipv6": false,
            "ipv6_address": "",
            "locked": false,
            "memory": 2048,
            "monitoring": false,
            "name": "k3s-fra1-node-01",
            "price_hourly": 0.02083,
            "price_monthly": 14,
            "private_networking": true,
            "region": "fra1",
            "resize_disk": true,
            "size": "s-1vcpu-2gb-intel",
            "ssh_keys": [
              "41533109"
            ],
            "status": "active",
            "tags": null,
            "timeouts": null,
            "urn": "do:droplet:466935589",
            "user_data": null,
            "vcpus": 1,
            "volume_ids": [],
            "vpc_uuid": "cd1ef4d2-a383-494b-93d5-5d25ec5adeaf"
          },
          "sensitive_attributes": [],
          "private": "eyJlMmJmYjczMC1lY2FhLTExZTYtOGY4OC0zNDM2M2JjN2M0YzAiOnsiY3JlYXRlIjozNjAwMDAwMDAwMDAwLCJkZWxldGUiOjYwMDAwMDAwMDAwLCJ1cGRhdGUiOjM2MDAwMDAwMDAwMDB9LCJzY2hlbWFfdmVyc2lvbiI6IjEifQ==",
          "dependencies": [
            "data.digitalocean_ssh_key.terraform"
          ]
        }
      ]
    },
    {
      "mode": "managed",
      "type": "digitalocean_droplet",
      "name": "k3s-node-02",
      "provider": "provider[\"registry.terraform.io/digitalocean/digitalocean\"]",
      "instances": [
        {
          "schema_version": 1,
          "attributes": {
            "backup_policy": [],
            "backups": false,
            "created_at": "2024-12-31T11:34:33Z",
            "disk": 50,
            "droplet_agent": null,
            "graceful_shutdown": false,
            "id": "466935588",
            "image": "rockylinux-9-x64",
            "ipv4_address": "46.101.102.18",
            "ipv4_address_private": "10.114.0.3",
            "ipv6": false,
            "ipv6_address": "",
            "locked": false,
            "memory": 2048,
            "monitoring": false,
            "name": "k3s-fra1-node-02",
            "price_hourly": 0.02083,
            "price_monthly": 14,
            "private_networking": true,
            "region": "fra1",
            "resize_disk": true,
            "size": "s-1vcpu-2gb-intel",
            "ssh_keys": [
              "41533109"
            ],
            "status": "active",
            "tags": null,
            "timeouts": null,
            "urn": "do:droplet:466935588",
            "user_data": null,
            "vcpus": 1,
            "volume_ids": [],
            "vpc_uuid": "cd1ef4d2-a383-494b-93d5-5d25ec5adeaf"
          },
          "sensitive_attributes": [],
          "private": "eyJlMmJmYjczMC1lY2FhLTExZTYtOGY4OC0zNDM2M2JjN2M0YzAiOnsiY3JlYXRlIjozNjAwMDAwMDAwMDAwLCJkZWxldGUiOjYwMDAwMDAwMDAwLCJ1cGRhdGUiOjM2MDAwMDAwMDAwMDB9LCJzY2hlbWFfdmVyc2lvbiI6IjEifQ==",
          "dependencies": [
            "data.digitalocean_ssh_key.terraform"
          ]
        }
      ]
    }
  ],
  "check_results": null
}
